// !$*UTF8*$!
{
	archiveVersion = 1;
	classes = {
	};
	objectVersion = 50;
	objects = {

/* Begin PBXBuildFile section */
		47B507A626A865E1006C1914 /* GameHorizontalCell.swift in Sources */ = {isa = PBXBuildFile; fileRef = 47B507A526A865E1006C1914 /* GameHorizontalCell.swift */; };
		47B507A826A865FC006C1914 /* GameHorizontalController.swift in Sources */ = {isa = PBXBuildFile; fileRef = 47B507A726A865FC006C1914 /* GameHorizontalController.swift */; };
		47B507AB26A9B324006C1914 /* GameListController.swift in Sources */ = {isa = PBXBuildFile; fileRef = 47B507AA26A9B324006C1914 /* GameListController.swift */; };
		47B507AE26A9B385006C1914 /* GameListCell.swift in Sources */ = {isa = PBXBuildFile; fileRef = 47B507AD26A9B385006C1914 /* GameListCell.swift */; };
		47C7633E2695ED1400F9CAA6 /* AppDelegate.swift in Sources */ = {isa = PBXBuildFile; fileRef = 47C7633D2695ED1400F9CAA6 /* AppDelegate.swift */; };
		47C763402695ED1400F9CAA6 /* SceneDelegate.swift in Sources */ = {isa = PBXBuildFile; fileRef = 47C7633F2695ED1400F9CAA6 /* SceneDelegate.swift */; };
		47C763472695ED1800F9CAA6 /* Assets.xcassets in Resources */ = {isa = PBXBuildFile; fileRef = 47C763462695ED1800F9CAA6 /* Assets.xcassets */; };
		47C7634A2695ED1800F9CAA6 /* LaunchScreen.storyboard in Resources */ = {isa = PBXBuildFile; fileRef = 47C763482695ED1800F9CAA6 /* LaunchScreen.storyboard */; };
		47C763552695F0DF00F9CAA6 /* BaseTabBarController.swift in Sources */ = {isa = PBXBuildFile; fileRef = 47C763542695F0DF00F9CAA6 /* BaseTabBarController.swift */; };
		47C763572695F55700F9CAA6 /* GamePageController.swift in Sources */ = {isa = PBXBuildFile; fileRef = 47C763562695F55700F9CAA6 /* GamePageController.swift */; };
		47C763592695FA4A00F9CAA6 /* GamePageCell.swift in Sources */ = {isa = PBXBuildFile; fileRef = 47C763582695FA4A00F9CAA6 /* GamePageCell.swift */; };
		47C7635D26A0806C00F9CAA6 /* GameHeaderCell.swift in Sources */ = {isa = PBXBuildFile; fileRef = 47C7635C26A0806C00F9CAA6 /* GameHeaderCell.swift */; };
/* End PBXBuildFile section */

/* Begin PBXFileReference section */
		47B507A526A865E1006C1914 /* GameHorizontalCell.swift */ = {isa = PBXFileReference; lastKnownFileType = sourcecode.swift; path = GameHorizontalCell.swift; sourceTree = "<group>"; };
		47B507A726A865FC006C1914 /* GameHorizontalController.swift */ = {isa = PBXFileReference; lastKnownFileType = sourcecode.swift; path = GameHorizontalController.swift; sourceTree = "<group>"; };
		47B507AA26A9B324006C1914 /* GameListController.swift */ = {isa = PBXFileReference; lastKnownFileType = sourcecode.swift; path = GameListController.swift; sourceTree = "<group>"; };
		47B507AD26A9B385006C1914 /* GameListCell.swift */ = {isa = PBXFileReference; lastKnownFileType = sourcecode.swift; path = GameListCell.swift; sourceTree = "<group>"; };
		47C7633A2695ED1400F9CAA6 /* AppStoreClone.app */ = {isa = PBXFileReference; explicitFileType = wrapper.application; includeInIndex = 0; path = AppStoreClone.app; sourceTree = BUILT_PRODUCTS_DIR; };
		47C7633D2695ED1400F9CAA6 /* AppDelegate.swift */ = {isa = PBXFileReference; lastKnownFileType = sourcecode.swift; path = AppDelegate.swift; sourceTree = "<group>"; };
		47C7633F2695ED1400F9CAA6 /* SceneDelegate.swift */ = {isa = PBXFileReference; lastKnownFileType = sourcecode.swift; path = SceneDelegate.swift; sourceTree = "<group>"; };
		47C763462695ED1800F9CAA6 /* Assets.xcassets */ = {isa = PBXFileReference; lastKnownFileType = folder.assetcatalog; path = Assets.xcassets; sourceTree = "<group>"; };
		47C763492695ED1800F9CAA6 /* Base */ = {isa = PBXFileReference; lastKnownFileType = file.storyboard; name = Base; path = Base.lproj/LaunchScreen.storyboard; sourceTree = "<group>"; };
		47C7634B2695ED1800F9CAA6 /* Info.plist */ = {isa = PBXFileReference; lastKnownFileType = text.plist.xml; path = Info.plist; sourceTree = "<group>"; };
		47C763542695F0DF00F9CAA6 /* BaseTabBarController.swift */ = {isa = PBXFileReference; lastKnownFileType = sourcecode.swift; path = BaseTabBarController.swift; sourceTree = "<group>"; };
		47C763562695F55700F9CAA6 /* GamePageController.swift */ = {isa = PBXFileReference; lastKnownFileType = sourcecode.swift; path = GamePageController.swift; sourceTree = "<group>"; };
		47C763582695FA4A00F9CAA6 /* GamePageCell.swift */ = {isa = PBXFileReference; lastKnownFileType = sourcecode.swift; path = GamePageCell.swift; sourceTree = "<group>"; };
		47C7635C26A0806C00F9CAA6 /* GameHeaderCell.swift */ = {isa = PBXFileReference; lastKnownFileType = sourcecode.swift; path = GameHeaderCell.swift; sourceTree = "<group>"; };
/* End PBXFileReference section */

/* Begin PBXFrameworksBuildPhase section */
		47C763372695ED1400F9CAA6 /* Frameworks */ = {
			isa = PBXFrameworksBuildPhase;
			buildActionMask = 2147483647;
			files = (
			);
			runOnlyForDeploymentPostprocessing = 0;
		};
/* End PBXFrameworksBuildPhase section */

/* Begin PBXGroup section */
		47B507A126A86322006C1914 /* Game Header */ = {
			isa = PBXGroup;
			children = (
				47B507A726A865FC006C1914 /* GameHorizontalController.swift */,
			);
			path = "Game Header";
			sourceTree = "<group>";
		};
		47B507A226A86332006C1914 /* Game Header */ = {
			isa = PBXGroup;
			children = (
				47B507A526A865E1006C1914 /* GameHorizontalCell.swift */,
			);
			path = "Game Header";
			sourceTree = "<group>";
		};
		47B507A926A9B301006C1914 /* Game List */ = {
			isa = PBXGroup;
			children = (
				47B507AA26A9B324006C1914 /* GameListController.swift */,
			);
			path = "Game List";
			sourceTree = "<group>";
		};
		47B507AC26A9B361006C1914 /* Game List */ = {
			isa = PBXGroup;
			children = (
				47B507AD26A9B385006C1914 /* GameListCell.swift */,
			);
			path = "Game List";
			sourceTree = "<group>";
		};
		47C763312695ED1400F9CAA6 = {
			isa = PBXGroup;
			children = (
				47C7633C2695ED1400F9CAA6 /* AppStoreClone */,
				47C7633B2695ED1400F9CAA6 /* Products */,
			);
			sourceTree = "<group>";
		};
		47C7633B2695ED1400F9CAA6 /* Products */ = {
			isa = PBXGroup;
			children = (
				47C7633A2695ED1400F9CAA6 /* AppStoreClone.app */,
			);
			name = Products;
			sourceTree = "<group>";
		};
		47C7633C2695ED1400F9CAA6 /* AppStoreClone */ = {
			isa = PBXGroup;
			children = (
				47C763532695EDD300F9CAA6 /* View */,
				47C763522695EDCC00F9CAA6 /* Model */,
				47C763512695EDBA00F9CAA6 /* Controller */,
				47C7633D2695ED1400F9CAA6 /* AppDelegate.swift */,
				47C7633F2695ED1400F9CAA6 /* SceneDelegate.swift */,
				47C763462695ED1800F9CAA6 /* Assets.xcassets */,
				47C763482695ED1800F9CAA6 /* LaunchScreen.storyboard */,
				47C7634B2695ED1800F9CAA6 /* Info.plist */,
			);
			path = AppStoreClone;
			sourceTree = "<group>";
		};
		47C763512695EDBA00F9CAA6 /* Controller */ = {
			isa = PBXGroup;
			children = (
				47B507A926A9B301006C1914 /* Game List */,
				47B507A126A86322006C1914 /* Game Header */,
				47C763542695F0DF00F9CAA6 /* BaseTabBarController.swift */,
				47C763562695F55700F9CAA6 /* GamePageController.swift */,
			);
			path = Controller;
			sourceTree = "<group>";
		};
		47C763522695EDCC00F9CAA6 /* Model */ = {
			isa = PBXGroup;
			children = (
			);
			path = Model;
			sourceTree = "<group>";
		};
		47C763532695EDD300F9CAA6 /* View */ = {
			isa = PBXGroup;
			children = (
				47B507AC26A9B361006C1914 /* Game List */,
				47B507A226A86332006C1914 /* Game Header */,
				47C763582695FA4A00F9CAA6 /* GamePageCell.swift */,
				47C7635C26A0806C00F9CAA6 /* GameHeaderCell.swift */,
			);
			path = View;
			sourceTree = "<group>";
		};
/* End PBXGroup section */

/* Begin PBXNativeTarget section */
		47C763392695ED1400F9CAA6 /* AppStoreClone */ = {
			isa = PBXNativeTarget;
			buildConfigurationList = 47C7634E2695ED1900F9CAA6 /* Build configuration list for PBXNativeTarget "AppStoreClone" */;
			buildPhases = (
				47C763362695ED1400F9CAA6 /* Sources */,
				47C763372695ED1400F9CAA6 /* Frameworks */,
				47C763382695ED1400F9CAA6 /* Resources */,
			);
			buildRules = (
			);
			dependencies = (
			);
			name = AppStoreClone;
			productName = AppStoreClone;
			productReference = 47C7633A2695ED1400F9CAA6 /* AppStoreClone.app */;
			productType = "com.apple.product-type.application";
		};
/* End PBXNativeTarget section */

/* Begin PBXProject section */
		47C763322695ED1400F9CAA6 /* Project object */ = {
			isa = PBXProject;
			attributes = {
				LastSwiftUpdateCheck = 1250;
				LastUpgradeCheck = 1250;
				TargetAttributes = {
					47C763392695ED1400F9CAA6 = {
						CreatedOnToolsVersion = 12.5;
					};
				};
			};
			buildConfigurationList = 47C763352695ED1400F9CAA6 /* Build configuration list for PBXProject "AppStoreClone" */;
			compatibilityVersion = "Xcode 9.3";
			developmentRegion = en;
			hasScannedForEncodings = 0;
			knownRegions = (
				en,
				Base,
			);
			mainGroup = 47C763312695ED1400F9CAA6;
			productRefGroup = 47C7633B2695ED1400F9CAA6 /* Products */;
			projectDirPath = "";
			projectRoot = "";
			targets = (
				47C763392695ED1400F9CAA6 /* AppStoreClone */,
			);
		};
/* End PBXProject section */

/* Begin PBXResourcesBuildPhase section */
		47C763382695ED1400F9CAA6 /* Resources */ = {
			isa = PBXResourcesBuildPhase;
			buildActionMask = 2147483647;
			files = (
				47C7634A2695ED1800F9CAA6 /* LaunchScreen.storyboard in Resources */,
				47C763472695ED1800F9CAA6 /* Assets.xcassets in Resources */,
			);
			runOnlyForDeploymentPostprocessing = 0;
		};
/* End PBXResourcesBuildPhase section */

/* Begin PBXSourcesBuildPhase section */
		47C763362695ED1400F9CAA6 /* Sources */ = {
			isa = PBXSourcesBuildPhase;
			buildActionMask = 2147483647;
			files = (
				47B507AB26A9B324006C1914 /* GameListController.swift in Sources */,
				47C763552695F0DF00F9CAA6 /* BaseTabBarController.swift in Sources */,
				47C7635D26A0806C00F9CAA6 /* GameHeaderCell.swift in Sources */,
				47C763572695F55700F9CAA6 /* GamePageController.swift in Sources */,
				47C7633E2695ED1400F9CAA6 /* AppDelegate.swift in Sources */,
				47C763592695FA4A00F9CAA6 /* GamePageCell.swift in Sources */,
				47C763402695ED1400F9CAA6 /* SceneDelegate.swift in Sources */,
				47B507A626A865E1006C1914 /* GameHorizontalCell.swift in Sources */,
				47B507A826A865FC006C1914 /* GameHorizontalController.swift in Sources */,
				47B507AE26A9B385006C1914 /* GameListCell.swift in Sources */,
			);
			runOnlyForDeploymentPostprocessing = 0;
		};
/* End PBXSourcesBuildPhase section */

/* Begin PBXVariantGroup section */
		47C763482695ED1800F9CAA6 /* LaunchScreen.storyboard */ = {
			isa = PBXVariantGroup;
			children = (
				47C763492695ED1800F9CAA6 /* Base */,
			);
			name = LaunchScreen.storyboard;
			sourceTree = "<group>";
		};
/* End PBXVariantGroup section */

/* Begin XCBuildConfiguration section */
		47C7634C2695ED1800F9CAA6 /* Debug */ = {
			isa = XCBuildConfiguration;
			buildSettings = {
				ALWAYS_SEARCH_USER_PATHS = NO;
				CLANG_ANALYZER_NONNULL = YES;
				CLANG_ANALYZER_NUMBER_OBJECT_CONVERSION = YES_AGGRESSIVE;
				CLANG_CXX_LANGUAGE_STANDARD = "gnu++14";
				CLANG_CXX_LIBRARY = "libc++";
				CLANG_ENABLE_MODULES = YES;
				CLANG_ENABLE_OBJC_ARC = YES;
				CLANG_ENABLE_OBJC_WEAK = YES;
				CLANG_WARN_BLOCK_CAPTURE_AUTORELEASING = YES;
				CLANG_WARN_BOOL_CONVERSION = YES;
				CLANG_WARN_COMMA = YES;
				CLANG_WARN_CONSTANT_CONVERSION = YES;
				CLANG_WARN_DEPRECATED_OBJC_IMPLEMENTATIONS = YES;
				CLANG_WARN_DIRECT_OBJC_ISA_USAGE = YES_ERROR;
				CLANG_WARN_DOCUMENTATION_COMMENTS = YES;
				CLANG_WARN_EMPTY_BODY = YES;
				CLANG_WARN_ENUM_CONVERSION = YES;
				CLANG_WARN_INFINITE_RECURSION = YES;
				CLANG_WARN_INT_CONVERSION = YES;
				CLANG_WARN_NON_LITERAL_NULL_CONVERSION = YES;
				CLANG_WARN_OBJC_IMPLICIT_RETAIN_SELF = YES;
				CLANG_WARN_OBJC_LITERAL_CONVERSION = YES;
				CLANG_WARN_OBJC_ROOT_CLASS = YES_ERROR;
				CLANG_WARN_QUOTED_INCLUDE_IN_FRAMEWORK_HEADER = YES;
				CLANG_WARN_RANGE_LOOP_ANALYSIS = YES;
				CLANG_WARN_STRICT_PROTOTYPES = YES;
				CLANG_WARN_SUSPICIOUS_MOVE = YES;
				CLANG_WARN_UNGUARDED_AVAILABILITY = YES_AGGRESSIVE;
				CLANG_WARN_UNREACHABLE_CODE = YES;
				CLANG_WARN__DUPLICATE_METHOD_MATCH = YES;
				COPY_PHASE_STRIP = NO;
				DEBUG_INFORMATION_FORMAT = dwarf;
				ENABLE_STRICT_OBJC_MSGSEND = YES;
				ENABLE_TESTABILITY = YES;
				GCC_C_LANGUAGE_STANDARD = gnu11;
				GCC_DYNAMIC_NO_PIC = NO;
				GCC_NO_COMMON_BLOCKS = YES;
				GCC_OPTIMIZATION_LEVEL = 0;
				GCC_PREPROCESSOR_DEFINITIONS = (
					"DEBUG=1",
					"$(inherited)",
				);
				GCC_WARN_64_TO_32_BIT_CONVERSION = YES;
				GCC_WARN_ABOUT_RETURN_TYPE = YES_ERROR;
				GCC_WARN_UNDECLARED_SELECTOR = YES;
				GCC_WARN_UNINITIALIZED_AUTOS = YES_AGGRESSIVE;
				GCC_WARN_UNUSED_FUNCTION = YES;
				GCC_WARN_UNUSED_VARIABLE = YES;
				IPHONEOS_DEPLOYMENT_TARGET = 14.5;
				MTL_ENABLE_DEBUG_INFO = INCLUDE_SOURCE;
				MTL_FAST_MATH = YES;
				ONLY_ACTIVE_ARCH = YES;
				SDKROOT = iphoneos;
				SWIFT_ACTIVE_COMPILATION_CONDITIONS = DEBUG;
				SWIFT_OPTIMIZATION_LEVEL = "-Onone";
			};
			name = Debug;
		};
		47C7634D2695ED1800F9CAA6 /* Release */ = {
			isa = XCBuildConfiguration;
			buildSettings = {
				ALWAYS_SEARCH_USER_PATHS = NO;
				CLANG_ANALYZER_NONNULL = YES;
				CLANG_ANALYZER_NUMBER_OBJECT_CONVERSION = YES_AGGRESSIVE;
				CLANG_CXX_LANGUAGE_STANDARD = "gnu++14";
				CLANG_CXX_LIBRARY = "libc++";
				CLANG_ENABLE_MODULES = YES;
				CLANG_ENABLE_OBJC_ARC = YES;
				CLANG_ENABLE_OBJC_WEAK = YES;
				CLANG_WARN_BLOCK_CAPTURE_AUTORELEASING = YES;
				CLANG_WARN_BOOL_CONVERSION = YES;
				CLANG_WARN_COMMA = YES;
				CLANG_WARN_CONSTANT_CONVERSION = YES;
				CLANG_WARN_DEPRECATED_OBJC_IMPLEMENTATIONS = YES;
				CLANG_WARN_DIRECT_OBJC_ISA_USAGE = YES_ERROR;
				CLANG_WARN_DOCUMENTATION_COMMENTS = YES;
				CLANG_WARN_EMPTY_BODY = YES;
				CLANG_WARN_ENUM_CONVERSION = YES;
				CLANG_WARN_INFINITE_RECURSION = YES;
				CLANG_WARN_INT_CONVERSION = YES;
				CLANG_WARN_NON_LITERAL_NULL_CONVERSION = YES;
				CLANG_WARN_OBJC_IMPLICIT_RETAIN_SELF = YES;
				CLANG_WARN_OBJC_LITERAL_CONVERSION = YES;
				CLANG_WARN_OBJC_ROOT_CLASS = YES_ERROR;
				CLANG_WARN_QUOTED_INCLUDE_IN_FRAMEWORK_HEADER = YES;
				CLANG_WARN_RANGE_LOOP_ANALYSIS = YES;
				CLANG_WARN_STRICT_PROTOTYPES = YES;
				CLANG_WARN_SUSPICIOUS_MOVE = YES;
				CLANG_WARN_UNGUARDED_AVAILABILITY = YES_AGGRESSIVE;
				CLANG_WARN_UNREACHABLE_CODE = YES;
				CLANG_WARN__DUPLICATE_METHOD_MATCH = YES;
				COPY_PHASE_STRIP = NO;
				DEBUG_INFORMATION_FORMAT = "dwarf-with-dsym";
				ENABLE_NS_ASSERTIONS = NO;
				ENABLE_STRICT_OBJC_MSGSEND = YES;
				GCC_C_LANGUAGE_STANDARD = gnu11;
				GCC_NO_COMMON_BLOCKS = YES;
				GCC_WARN_64_TO_32_BIT_CONVERSION = YES;
				GCC_WARN_ABOUT_RETURN_TYPE = YES_ERROR;
				GCC_WARN_UNDECLARED_SELECTOR = YES;
				GCC_WARN_UNINITIALIZED_AUTOS = YES_AGGRESSIVE;
				GCC_WARN_UNUSED_FUNCTION = YES;
				GCC_WARN_UNUSED_VARIABLE = YES;
				IPHONEOS_DEPLOYMENT_TARGET = 14.5;
				MTL_ENABLE_DEBUG_INFO = NO;
				MTL_FAST_MATH = YES;
				SDKROOT = iphoneos;
				SWIFT_COMPILATION_MODE = wholemodule;
				SWIFT_OPTIMIZATION_LEVEL = "-O";
				VALIDATE_PRODUCT = YES;
			};
			name = Release;
		};
		47C7634F2695ED1900F9CAA6 /* Debug */ = {
			isa = XCBuildConfiguration;
			buildSettings = {
				ASSETCATALOG_COMPILER_APPICON_NAME = AppIcon;
				ASSETCATALOG_COMPILER_GLOBAL_ACCENT_COLOR_NAME = AccentColor;
				CODE_SIGN_STYLE = Automatic;
				DEVELOPMENT_TEAM = 25DXQ2AL73;
				INFOPLIST_FILE = AppStoreClone/Info.plist;
				LD_RUNPATH_SEARCH_PATHS = (
					"$(inherited)",
					"@executable_path/Frameworks",
				);
				PRODUCT_BUNDLE_IDENTIFIER = com.test.AppStoreClone;
				PRODUCT_NAME = "$(TARGET_NAME)";
				SWIFT_VERSION = 5.0;
				TARGETED_DEVICE_FAMILY = "1,2";
			};
			name = Debug;
		};
		47C763502695ED1900F9CAA6 /* Release */ = {
			isa = XCBuildConfiguration;
			buildSettings = {
				ASSETCATALOG_COMPILER_APPICON_NAME = AppIcon;
				ASSETCATALOG_COMPILER_GLOBAL_ACCENT_COLOR_NAME = AccentColor;
				CODE_SIGN_STYLE = Automatic;
				DEVELOPMENT_TEAM = 25DXQ2AL73;
				INFOPLIST_FILE = AppStoreClone/Info.plist;
				LD_RUNPATH_SEARCH_PATHS = (
					"$(inherited)",
					"@executable_path/Frameworks",
				);
				PRODUCT_BUNDLE_IDENTIFIER = com.test.AppStoreClone;
				PRODUCT_NAME = "$(TARGET_NAME)";
				SWIFT_VERSION = 5.0;
				TARGETED_DEVICE_FAMILY = "1,2";
			};
			name = Release;
		};
/* End XCBuildConfiguration section */

/* Begin XCConfigurationList section */
		47C763352695ED1400F9CAA6 /* Build configuration list for PBXProject "AppStoreClone" */ = {
			isa = XCConfigurationList;
			buildConfigurations = (
				47C7634C2695ED1800F9CAA6 /* Debug */,
				47C7634D2695ED1800F9CAA6 /* Release */,
			);
			defaultConfigurationIsVisible = 0;
			defaultConfigurationName = Release;
		};
		47C7634E2695ED1900F9CAA6 /* Build configuration list for PBXNativeTarget "AppStoreClone" */ = {
			isa = XCConfigurationList;
			buildConfigurations = (
				47C7634F2695ED1900F9CAA6 /* Debug */,
				47C763502695ED1900F9CAA6 /* Release */,
			);
			defaultConfigurationIsVisible = 0;
			defaultConfigurationName = Release;
		};
/* End XCConfigurationList section */
	};
	rootObject = 47C763322695ED1400F9CAA6 /* Project object */;
}
